
Microsoft Visual Studio Solution File, Format Version 10.00
# Visual Studio 2008
Project("{8BC9CEB8-8B4A-11D0-8D11-00A0C91BC942}") = "zad1", "zad1\zad1.vcproj", "{1FAAE50B-ABBF-45DD-A497-CC18193F1787}"
EndProject
Global
	GlobalSection(SolutionConfigurationPlatforms) = preSolution
		Debug|Win32 = Debug|Win32
		Release|Win32 = Release|Win32
	EndGlobalSection
	GlobalSection(ProjectConfigurationPlatforms) = postSolution
		{1FAAE50B-ABBF-45DD-A497-CC18193F1787}.Debug|Win32.ActiveCfg = Debug|Win32
		{1FAAE50B-ABBF-45DD-A497-CC18193F1787}.Debug|Win32.Build.0 = Debug|Win32
		{1FAAE50B-ABBF-45DD-A497-CC18193F1787}.Release|Win32.ActiveCfg = Release|Win32
		{1FAAE50B-ABBF-45DD-A497-CC18193F1787}.Release|Win32.Build.0 = Release|Win32
	EndGlobalSection
	GlobalSection(SolutionProperties) = preSolution
		HideSolutionNode = FALSE
	EndGlobalSection
EndGlobal
